
Microsoft Visual Studio Solution File, Format Version 12.00
# Visual Studio Version 16
VisualStudioVersion = 16.0.30320.27
MinimumVisualStudioVersion = 10.0.40219.1
Project("{FAE04EC0-301F-11D3-BF4B-00C04F79EFBC}") = "Calculator", "Calculator\Calculator.csproj", "{39104F0F-6113-4C6B-9AAF-A1DCB8558B31}"
EndProject
Global
	GlobalSection(SolutionConfigurationPlatforms) = preSolution
		Debug|Any CPU = Debug|Any CPU
		Release|Any CPU = Release|Any CPU
	EndGlobalSection
	GlobalSection(ProjectConfigurationPlatforms) = postSolution
		{39104F0F-6113-4C6B-9AAF-A1DCB8558B31}.Debug|Any CPU.ActiveCfg = Debug|Any CPU
		{39104F0F-6113-4C6B-9AAF-A1DCB8558B31}.Debug|Any CPU.Build.0 = Debug|Any CPU
		{39104F0F-6113-4C6B-9AAF-A1DCB8558B31}.Release|Any CPU.ActiveCfg = Release|Any CPU
		{39104F0F-6113-4C6B-9AAF-A1DCB8558B31}.Release|Any CPU.Build.0 = Release|Any CPU
	EndGlobalSection
	GlobalSection(SolutionProperties) = preSolution
		HideSolutionNode = FALSE
	EndGlobalSection
	GlobalSection(ExtensibilityGlobals) = postSolution
		SolutionGuid = {CE9E54BE-22C2-41EC-B245-29ED39ACFDAB}
	EndGlobalSection
EndGlobal
